
Microsoft Visual Studio Solution File, Format Version 12.00
# Visual Studio Version 17
VisualStudioVersion = 17.8.34322.80
MinimumVisualStudioVersion = 10.0.40219.1
Project("{FAE04EC0-301F-11D3-BF4B-00C04F79EFBC}") = "P03Zawodnicy.Shared", "P03Zawodnicy.Shared\P03Zawodnicy.Shared.csproj", "{2F0C45D6-2022-41CD-A1A0-A805BF4E6FF9}"
EndProject
Project("{FAE04EC0-301F-11D3-BF4B-00C04F79EFBC}") = "P04AplikacjaZawodnicy", "P04AplikacjaZawodnicy\P04AplikacjaZawodnicy.csproj", "{D68902A7-84C7-4756-97AA-9433D0F12E72}"
EndProject
Project("{FAE04EC0-301F-11D3-BF4B-00C04F79EFBC}") = "P05PolaczenieZBaza", "P05PolaczenieZBaza\P05PolaczenieZBaza.csproj", "{79A58E5D-09C7-4189-9DF6-7A3B8CAB0196}"
EndProject
Project("{FAE04EC0-301F-11D3-BF4B-00C04F79EFBC}") = "P01AjaxWstep", "P01AjaxWstep\P01AjaxWstep.csproj", "{666A15AC-65A3-4DF6-A311-B49E482AAC96}"
EndProject
Global
	GlobalSection(SolutionConfigurationPlatforms) = preSolution
		Debug|Any CPU = Debug|Any CPU
		Release|Any CPU = Release|Any CPU
	EndGlobalSection
	GlobalSection(ProjectConfigurationPlatforms) = postSolution
		{2F0C45D6-2022-41CD-A1A0-A805BF4E6FF9}.Debug|Any CPU.ActiveCfg = Debug|Any CPU
		{2F0C45D6-2022-41CD-A1A0-A805BF4E6FF9}.Debug|Any CPU.Build.0 = Debug|Any CPU
		{2F0C45D6-2022-41CD-A1A0-A805BF4E6FF9}.Release|Any CPU.ActiveCfg = Release|Any CPU
		{2F0C45D6-2022-41CD-A1A0-A805BF4E6FF9}.Release|Any CPU.Build.0 = Release|Any CPU
		{D68902A7-84C7-4756-97AA-9433D0F12E72}.Debug|Any CPU.ActiveCfg = Debug|Any CPU
		{D68902A7-84C7-4756-97AA-9433D0F12E72}.Debug|Any CPU.Build.0 = Debug|Any CPU
		{D68902A7-84C7-4756-97AA-9433D0F12E72}.Release|Any CPU.ActiveCfg = Release|Any CPU
		{D68902A7-84C7-4756-97AA-9433D0F12E72}.Release|Any CPU.Build.0 = Release|Any CPU
		{79A58E5D-09C7-4189-9DF6-7A3B8CAB0196}.Debug|Any CPU.ActiveCfg = Debug|Any CPU
		{79A58E5D-09C7-4189-9DF6-7A3B8CAB0196}.Debug|Any CPU.Build.0 = Debug|Any CPU
		{79A58E5D-09C7-4189-9DF6-7A3B8CAB0196}.Release|Any CPU.ActiveCfg = Release|Any CPU
		{79A58E5D-09C7-4189-9DF6-7A3B8CAB0196}.Release|Any CPU.Build.0 = Release|Any CPU
		{666A15AC-65A3-4DF6-A311-B49E482AAC96}.Debug|Any CPU.ActiveCfg = Debug|Any CPU
		{666A15AC-65A3-4DF6-A311-B49E482AAC96}.Debug|Any CPU.Build.0 = Debug|Any CPU
		{666A15AC-65A3-4DF6-A311-B49E482AAC96}.Release|Any CPU.ActiveCfg = Release|Any CPU
		{666A15AC-65A3-4DF6-A311-B49E482AAC96}.Release|Any CPU.Build.0 = Release|Any CPU
	EndGlobalSection
	GlobalSection(SolutionProperties) = preSolution
		HideSolutionNode = FALSE
	EndGlobalSection
	GlobalSection(ExtensibilityGlobals) = postSolution
		SolutionGuid = {0848FEC7-DC7C-4FCB-BCA8-22B26F8AD166}
	EndGlobalSection
EndGlobal
